
Microsoft Visual Studio Solution File, Format Version 12.00
# Visual Studio Version 17
VisualStudioVersion = 17.13.35828.75
MinimumVisualStudioVersion = 10.0.40219.1
Project("{2150E333-8FDC-42A3-9474-1A3956D46DE8}") = "Shared", "Shared", "{02EA681E-C7D8-13C7-8484-4AC65E1B71E8}"
EndProject
Project("{2150E333-8FDC-42A3-9474-1A3956D46DE8}") = "Modules", "Modules", "{27C97951-7F68-4998-9CBF-A9FA56A5F5A9}"
EndProject
Project("{2150E333-8FDC-42A3-9474-1A3956D46DE8}") = "Infrastructure", "Infrastructure", "{659F6C29-E0DB-4A84-BF82-D8B90C2DF982}"
EndProject
Project("{2150E333-8FDC-42A3-9474-1A3956D46DE8}") = "Presentation", "Presentation", "{B3EAEBC5-8F7A-434F-AAD7-20663DA7F81D}"
EndProject
Project("{2150E333-8FDC-42A3-9474-1A3956D46DE8}") = "EDH.Items", "EDH.Items", "{45F98BA3-0AC2-4F20-B9CD-87AE78CFB44A}"
EndProject
Project("{2150E333-8FDC-42A3-9474-1A3956D46DE8}") = "EDH.Inventory", "EDH.Inventory", "{ECC9C2CA-49AC-4ABF-B41F-4F4EF94F1FBC}"
EndProject
Project("{2150E333-8FDC-42A3-9474-1A3956D46DE8}") = "EDH.Sales", "EDH.Sales", "{DC8B660A-0BC9-4A36-A42B-8CF7FBD4E764}"
EndProject
Project("{2150E333-8FDC-42A3-9474-1A3956D46DE8}") = "EDH.Financial", "EDH.Financial", "{019383C3-EED0-46AA-A411-88C027A67A8C}"
EndProject
Project("{2150E333-8FDC-42A3-9474-1A3956D46DE8}") = "EDH.Reports", "EDH.Reports", "{5C410465-AD53-4138-B097-7D33360AE73A}"
EndProject
Project("{2150E333-8FDC-42A3-9474-1A3956D46DE8}") = "EDH.Settings", "EDH.Settings", "{C77CAF87-C6E3-46D4-B451-8999CC39DFEC}"
EndProject
Project("{FAE04EC0-301F-11D3-BF4B-00C04F79EFBC}") = "EDH.Core", "Shared\EDH.Core\EDH.Core.csproj", "{403A3B96-C463-49D6-9F1D-398F1AA5F809}"
EndProject
Project("{FAE04EC0-301F-11D3-BF4B-00C04F79EFBC}") = "EDH.Common", "Shared\EDH.Common\EDH.Common.csproj", "{5B961FBE-0141-4533-A489-BC52FEAE83DD}"
EndProject
Project("{FAE04EC0-301F-11D3-BF4B-00C04F79EFBC}") = "EDH.Items.Core", "Modules\EDH.Items\EDH.Items.Core\EDH.Items.Core.csproj", "{1E49C26E-B432-41B0-AF22-3430DD8CC495}"
EndProject
Project("{FAE04EC0-301F-11D3-BF4B-00C04F79EFBC}") = "EDH.Items.Infrastructure", "Modules\EDH.Items\EDH.Items.Infrastructure\EDH.Items.Infrastructure.csproj", "{F10976DC-1836-465A-B932-33B27EF89050}"
EndProject
Project("{FAE04EC0-301F-11D3-BF4B-00C04F79EFBC}") = "EDH.Items.Application", "Modules\EDH.Items\EDH.Items.Application\EDH.Items.Application.csproj", "{021016E4-45A5-4725-BABE-906FEBC7E02F}"
EndProject
Project("{FAE04EC0-301F-11D3-BF4B-00C04F79EFBC}") = "EDH.Financial.Core", "Modules\EDH.Financial\EDH.Financial.Core\EDH.Financial.Core.csproj", "{40179C7D-E259-47D9-8DA8-05CC4B99EBEB}"
EndProject
Project("{FAE04EC0-301F-11D3-BF4B-00C04F79EFBC}") = "EDH.Financial.Infrastructure", "Modules\EDH.Financial\EDH.Financial.Infrastructure\EDH.Financial.Infrastructure.csproj", "{99DF80A2-C0C5-4534-9FB3-215552DB3BC7}"
EndProject
Project("{FAE04EC0-301F-11D3-BF4B-00C04F79EFBC}") = "EDH.Financial.Application", "Modules\EDH.Financial\EDH.Financial.Application\EDH.Financial.Application.csproj", "{410CB3A3-3AB2-49E1-9197-03FB291A32E4}"
EndProject
Project("{FAE04EC0-301F-11D3-BF4B-00C04F79EFBC}") = "EDH.Inventory.Core", "Modules\EDH.Inventory\EDH.Inventory.Core\EDH.Inventory.Core.csproj", "{D9B1F71F-6802-4DA0-88DA-3C4EE24632E1}"
EndProject
Project("{FAE04EC0-301F-11D3-BF4B-00C04F79EFBC}") = "EDH.Inventory.Infrastructure", "Modules\EDH.Inventory\EDH.Inventory.Infrastructure\EDH.Inventory.Infrastructure.csproj", "{1BC08A83-081C-4818-98BE-AC494A0BBF5B}"
EndProject
Project("{FAE04EC0-301F-11D3-BF4B-00C04F79EFBC}") = "EDH.Inventory.Application", "Modules\EDH.Inventory\EDH.Inventory.Application\EDH.Inventory.Application.csproj", "{0BE4A4CA-D6EF-45A2-BC89-840888D61EB4}"
EndProject
Project("{FAE04EC0-301F-11D3-BF4B-00C04F79EFBC}") = "EDH.Reports.Core", "Modules\EDH.Reports\EDH.Reports.Core\EDH.Reports.Core.csproj", "{20CE79AD-AC21-4E17-9A15-F5ECD9E69261}"
EndProject
Project("{FAE04EC0-301F-11D3-BF4B-00C04F79EFBC}") = "EDH.Reports.Infrastructure", "Modules\EDH.Reports\EDH.Reports.Infrastructure\EDH.Reports.Infrastructure.csproj", "{961FCA9B-76C7-4D27-A900-24EF877AA9DE}"
EndProject
Project("{FAE04EC0-301F-11D3-BF4B-00C04F79EFBC}") = "EDH.Reports.Application", "Modules\EDH.Reports\EDH.Reports.Application\EDH.Reports.Application.csproj", "{AC3EC591-1196-4659-B589-C5A138969C44}"
EndProject
Project("{FAE04EC0-301F-11D3-BF4B-00C04F79EFBC}") = "EDH.Sales.Core", "Modules\EDH.Sales\EDH.Sales.Core\EDH.Sales.Core.csproj", "{054FFB70-9F62-4100-AB07-1B654336BE2C}"
EndProject
Project("{FAE04EC0-301F-11D3-BF4B-00C04F79EFBC}") = "EDH.Sales.Infrastructure", "Modules\EDH.Sales\EDH.Sales.Infrastructure\EDH.Sales.Infrastructure.csproj", "{CC1A0833-3252-41AA-A523-DE208815CE2E}"
EndProject
Project("{FAE04EC0-301F-11D3-BF4B-00C04F79EFBC}") = "EDH.Sales.Application", "Modules\EDH.Sales\EDH.Sales.Application\EDH.Sales.Application.csproj", "{FB142F41-BD09-492F-97C3-7CD95E3DACED}"
EndProject
Project("{FAE04EC0-301F-11D3-BF4B-00C04F79EFBC}") = "EDH.Settings.Core", "Modules\EDH.Settings\EDH.Settings.Core\EDH.Settings.Core.csproj", "{259F6A07-C81D-4E6E-9DFC-D073F66C67D8}"
EndProject
Project("{FAE04EC0-301F-11D3-BF4B-00C04F79EFBC}") = "EDH.Settings.Infrastructure", "Modules\EDH.Settings\EDH.Settings.Infrastructure\EDH.Settings.Infrastructure.csproj", "{1E337E95-3526-47F9-B177-F454BB072026}"
EndProject
Project("{FAE04EC0-301F-11D3-BF4B-00C04F79EFBC}") = "EDH.Settings.Application", "Modules\EDH.Settings\EDH.Settings.Application\EDH.Settings.Application.csproj", "{484104D7-8E09-446E-9F87-81ED6346D15D}"
EndProject
Project("{FAE04EC0-301F-11D3-BF4B-00C04F79EFBC}") = "EDH.Infrastructure.Data", "Infrastructure\EDH.Infrastructure.Data\EDH.Infrastructure.Data.csproj", "{5F2C3A43-2B32-4CC0-81DC-797FABACED81}"
EndProject
Project("{FAE04EC0-301F-11D3-BF4B-00C04F79EFBC}") = "EDH.Infrastructure.Common", "Infrastructure\EDH.Infrastructure.Common\EDH.Infrastructure.Common.csproj", "{FA5E3F06-CC96-469B-85E5-70321DE6756E}"
EndProject
Project("{FAE04EC0-301F-11D3-BF4B-00C04F79EFBC}") = "EDH.Shell", "Presentation\EDH.Shell\EDH.Shell.csproj", "{4760DBC9-938B-47FC-ACCC-A98277E6BD06}"
EndProject
Project("{FAE04EC0-301F-11D3-BF4B-00C04F79EFBC}") = "EDH.Presentation.Common", "Presentation\EDH.Presentation.Common\EDH.Presentation.Common.csproj", "{4B1511F9-0C69-4C81-883F-1297608809C9}"
EndProject
Project("{FAE04EC0-301F-11D3-BF4B-00C04F79EFBC}") = "EDH.Financial.Presentation", "Modules\EDH.Financial\EDH.Financial.Presentation\EDH.Financial.Presentation.csproj", "{B15FBC32-0FA3-4ED3-92BE-0C6E23AADB96}"
EndProject
Project("{FAE04EC0-301F-11D3-BF4B-00C04F79EFBC}") = "EDH.Inventory.Presentation", "Modules\EDH.Inventory\EDH.Inventory.Presentation\EDH.Inventory.Presentation.csproj", "{0C80C3B8-4C87-402B-82AD-84DEEBADE5BD}"
EndProject
Project("{FAE04EC0-301F-11D3-BF4B-00C04F79EFBC}") = "EDH.Items.Presentation", "Modules\EDH.Items\EDH.Items.Presentation\EDH.Items.Presentation.csproj", "{887F1B0E-9676-42BC-AD8B-1381533DDC43}"
EndProject
Project("{FAE04EC0-301F-11D3-BF4B-00C04F79EFBC}") = "EDH.Reports.Presentation", "Modules\EDH.Reports\EDH.Reports.Presentation\EDH.Reports.Presentation.csproj", "{AFE4FA6A-43D5-4D47-AB55-FFAC55E695E7}"
EndProject
Project("{FAE04EC0-301F-11D3-BF4B-00C04F79EFBC}") = "EDH.Sales.Presentation", "Modules\EDH.Sales\EDH.Sales.Presentation\EDH.Sales.Presentation.csproj", "{EA0320B2-B3B9-43D1-AD67-AE358F3323BB}"
EndProject
Project("{FAE04EC0-301F-11D3-BF4B-00C04F79EFBC}") = "EDH.Settings.Presentation", "Modules\EDH.Settings\EDH.Settings.Presentation\EDH.Settings.Presentation.csproj", "{C9ED71DB-E3FA-4956-9294-70A821F41FC6}"
EndProject
Global
	GlobalSection(SolutionConfigurationPlatforms) = preSolution
		Debug|Any CPU = Debug|Any CPU
		Release|Any CPU = Release|Any CPU
	EndGlobalSection
	GlobalSection(ProjectConfigurationPlatforms) = postSolution
		{403A3B96-C463-49D6-9F1D-398F1AA5F809}.Debug|Any CPU.ActiveCfg = Debug|Any CPU
		{403A3B96-C463-49D6-9F1D-398F1AA5F809}.Debug|Any CPU.Build.0 = Debug|Any CPU
		{403A3B96-C463-49D6-9F1D-398F1AA5F809}.Release|Any CPU.ActiveCfg = Release|Any CPU
		{403A3B96-C463-49D6-9F1D-398F1AA5F809}.Release|Any CPU.Build.0 = Release|Any CPU
		{5B961FBE-0141-4533-A489-BC52FEAE83DD}.Debug|Any CPU.ActiveCfg = Debug|Any CPU
		{5B961FBE-0141-4533-A489-BC52FEAE83DD}.Debug|Any CPU.Build.0 = Debug|Any CPU
		{5B961FBE-0141-4533-A489-BC52FEAE83DD}.Release|Any CPU.ActiveCfg = Release|Any CPU
		{5B961FBE-0141-4533-A489-BC52FEAE83DD}.Release|Any CPU.Build.0 = Release|Any CPU
		{1E49C26E-B432-41B0-AF22-3430DD8CC495}.Debug|Any CPU.ActiveCfg = Debug|Any CPU
		{1E49C26E-B432-41B0-AF22-3430DD8CC495}.Debug|Any CPU.Build.0 = Debug|Any CPU
		{1E49C26E-B432-41B0-AF22-3430DD8CC495}.Release|Any CPU.ActiveCfg = Release|Any CPU
		{1E49C26E-B432-41B0-AF22-3430DD8CC495}.Release|Any CPU.Build.0 = Release|Any CPU
		{F10976DC-1836-465A-B932-33B27EF89050}.Debug|Any CPU.ActiveCfg = Debug|Any CPU
		{F10976DC-1836-465A-B932-33B27EF89050}.Debug|Any CPU.Build.0 = Debug|Any CPU
		{F10976DC-1836-465A-B932-33B27EF89050}.Release|Any CPU.ActiveCfg = Release|Any CPU
		{F10976DC-1836-465A-B932-33B27EF89050}.Release|Any CPU.Build.0 = Release|Any CPU
		{021016E4-45A5-4725-BABE-906FEBC7E02F}.Debug|Any CPU.ActiveCfg = Debug|Any CPU
		{021016E4-45A5-4725-BABE-906FEBC7E02F}.Debug|Any CPU.Build.0 = Debug|Any CPU
		{021016E4-45A5-4725-BABE-906FEBC7E02F}.Release|Any CPU.ActiveCfg = Release|Any CPU
		{021016E4-45A5-4725-BABE-906FEBC7E02F}.Release|Any CPU.Build.0 = Release|Any CPU
		{40179C7D-E259-47D9-8DA8-05CC4B99EBEB}.Debug|Any CPU.ActiveCfg = Debug|Any CPU
		{40179C7D-E259-47D9-8DA8-05CC4B99EBEB}.Debug|Any CPU.Build.0 = Debug|Any CPU
		{40179C7D-E259-47D9-8DA8-05CC4B99EBEB}.Release|Any CPU.ActiveCfg = Release|Any CPU
		{40179C7D-E259-47D9-8DA8-05CC4B99EBEB}.Release|Any CPU.Build.0 = Release|Any CPU
		{99DF80A2-C0C5-4534-9FB3-215552DB3BC7}.Debug|Any CPU.ActiveCfg = Debug|Any CPU
		{99DF80A2-C0C5-4534-9FB3-215552DB3BC7}.Debug|Any CPU.Build.0 = Debug|Any CPU
		{99DF80A2-C0C5-4534-9FB3-215552DB3BC7}.Release|Any CPU.ActiveCfg = Release|Any CPU
		{99DF80A2-C0C5-4534-9FB3-215552DB3BC7}.Release|Any CPU.Build.0 = Release|Any CPU
		{410CB3A3-3AB2-49E1-9197-03FB291A32E4}.Debug|Any CPU.ActiveCfg = Debug|Any CPU
		{410CB3A3-3AB2-49E1-9197-03FB291A32E4}.Debug|Any CPU.Build.0 = Debug|Any CPU
		{410CB3A3-3AB2-49E1-9197-03FB291A32E4}.Release|Any CPU.ActiveCfg = Release|Any CPU
		{410CB3A3-3AB2-49E1-9197-03FB291A32E4}.Release|Any CPU.Build.0 = Release|Any CPU
		{D9B1F71F-6802-4DA0-88DA-3C4EE24632E1}.Debug|Any CPU.ActiveCfg = Debug|Any CPU
		{D9B1F71F-6802-4DA0-88DA-3C4EE24632E1}.Debug|Any CPU.Build.0 = Debug|Any CPU
		{D9B1F71F-6802-4DA0-88DA-3C4EE24632E1}.Release|Any CPU.ActiveCfg = Release|Any CPU
		{D9B1F71F-6802-4DA0-88DA-3C4EE24632E1}.Release|Any CPU.Build.0 = Release|Any CPU
		{1BC08A83-081C-4818-98BE-AC494A0BBF5B}.Debug|Any CPU.ActiveCfg = Debug|Any CPU
		{1BC08A83-081C-4818-98BE-AC494A0BBF5B}.Debug|Any CPU.Build.0 = Debug|Any CPU
		{1BC08A83-081C-4818-98BE-AC494A0BBF5B}.Release|Any CPU.ActiveCfg = Release|Any CPU
		{1BC08A83-081C-4818-98BE-AC494A0BBF5B}.Release|Any CPU.Build.0 = Release|Any CPU
		{0BE4A4CA-D6EF-45A2-BC89-840888D61EB4}.Debug|Any CPU.ActiveCfg = Debug|Any CPU
		{0BE4A4CA-D6EF-45A2-BC89-840888D61EB4}.Debug|Any CPU.Build.0 = Debug|Any CPU
		{0BE4A4CA-D6EF-45A2-BC89-840888D61EB4}.Release|Any CPU.ActiveCfg = Release|Any CPU
		{0BE4A4CA-D6EF-45A2-BC89-840888D61EB4}.Release|Any CPU.Build.0 = Release|Any CPU
		{20CE79AD-AC21-4E17-9A15-F5ECD9E69261}.Debug|Any CPU.ActiveCfg = Debug|Any CPU
		{20CE79AD-AC21-4E17-9A15-F5ECD9E69261}.Debug|Any CPU.Build.0 = Debug|Any CPU
		{20CE79AD-AC21-4E17-9A15-F5ECD9E69261}.Release|Any CPU.ActiveCfg = Release|Any CPU
		{20CE79AD-AC21-4E17-9A15-F5ECD9E69261}.Release|Any CPU.Build.0 = Release|Any CPU
		{961FCA9B-76C7-4D27-A900-24EF877AA9DE}.Debug|Any CPU.ActiveCfg = Debug|Any CPU
		{961FCA9B-76C7-4D27-A900-24EF877AA9DE}.Debug|Any CPU.Build.0 = Debug|Any CPU
		{961FCA9B-76C7-4D27-A900-24EF877AA9DE}.Release|Any CPU.ActiveCfg = Release|Any CPU
		{961FCA9B-76C7-4D27-A900-24EF877AA9DE}.Release|Any CPU.Build.0 = Release|Any CPU
		{AC3EC591-1196-4659-B589-C5A138969C44}.Debug|Any CPU.ActiveCfg = Debug|Any CPU
		{AC3EC591-1196-4659-B589-C5A138969C44}.Debug|Any CPU.Build.0 = Debug|Any CPU
		{AC3EC591-1196-4659-B589-C5A138969C44}.Release|Any CPU.ActiveCfg = Release|Any CPU
		{AC3EC591-1196-4659-B589-C5A138969C44}.Release|Any CPU.Build.0 = Release|Any CPU
		{054FFB70-9F62-4100-AB07-1B654336BE2C}.Debug|Any CPU.ActiveCfg = Debug|Any CPU
		{054FFB70-9F62-4100-AB07-1B654336BE2C}.Debug|Any CPU.Build.0 = Debug|Any CPU
		{054FFB70-9F62-4100-AB07-1B654336BE2C}.Release|Any CPU.ActiveCfg = Release|Any CPU
		{054FFB70-9F62-4100-AB07-1B654336BE2C}.Release|Any CPU.Build.0 = Release|Any CPU
		{CC1A0833-3252-41AA-A523-DE208815CE2E}.Debug|Any CPU.ActiveCfg = Debug|Any CPU
		{CC1A0833-3252-41AA-A523-DE208815CE2E}.Debug|Any CPU.Build.0 = Debug|Any CPU
		{CC1A0833-3252-41AA-A523-DE208815CE2E}.Release|Any CPU.ActiveCfg = Release|Any CPU
		{CC1A0833-3252-41AA-A523-DE208815CE2E}.Release|Any CPU.Build.0 = Release|Any CPU
		{FB142F41-BD09-492F-97C3-7CD95E3DACED}.Debug|Any CPU.ActiveCfg = Debug|Any CPU
		{FB142F41-BD09-492F-97C3-7CD95E3DACED}.Debug|Any CPU.Build.0 = Debug|Any CPU
		{FB142F41-BD09-492F-97C3-7CD95E3DACED}.Release|Any CPU.ActiveCfg = Release|Any CPU
		{FB142F41-BD09-492F-97C3-7CD95E3DACED}.Release|Any CPU.Build.0 = Release|Any CPU
		{259F6A07-C81D-4E6E-9DFC-D073F66C67D8}.Debug|Any CPU.ActiveCfg = Debug|Any CPU
		{259F6A07-C81D-4E6E-9DFC-D073F66C67D8}.Debug|Any CPU.Build.0 = Debug|Any CPU
		{259F6A07-C81D-4E6E-9DFC-D073F66C67D8}.Release|Any CPU.ActiveCfg = Release|Any CPU
		{259F6A07-C81D-4E6E-9DFC-D073F66C67D8}.Release|Any CPU.Build.0 = Release|Any CPU
		{1E337E95-3526-47F9-B177-F454BB072026}.Debug|Any CPU.ActiveCfg = Debug|Any CPU
		{1E337E95-3526-47F9-B177-F454BB072026}.Debug|Any CPU.Build.0 = Debug|Any CPU
		{1E337E95-3526-47F9-B177-F454BB072026}.Release|Any CPU.ActiveCfg = Release|Any CPU
		{1E337E95-3526-47F9-B177-F454BB072026}.Release|Any CPU.Build.0 = Release|Any CPU
		{484104D7-8E09-446E-9F87-81ED6346D15D}.Debug|Any CPU.ActiveCfg = Debug|Any CPU
		{484104D7-8E09-446E-9F87-81ED6346D15D}.Debug|Any CPU.Build.0 = Debug|Any CPU
		{484104D7-8E09-446E-9F87-81ED6346D15D}.Release|Any CPU.ActiveCfg = Release|Any CPU
		{484104D7-8E09-446E-9F87-81ED6346D15D}.Release|Any CPU.Build.0 = Release|Any CPU
		{5F2C3A43-2B32-4CC0-81DC-797FABACED81}.Debug|Any CPU.ActiveCfg = Debug|Any CPU
		{5F2C3A43-2B32-4CC0-81DC-797FABACED81}.Debug|Any CPU.Build.0 = Debug|Any CPU
		{5F2C3A43-2B32-4CC0-81DC-797FABACED81}.Release|Any CPU.ActiveCfg = Release|Any CPU
		{5F2C3A43-2B32-4CC0-81DC-797FABACED81}.Release|Any CPU.Build.0 = Release|Any CPU
		{FA5E3F06-CC96-469B-85E5-70321DE6756E}.Debug|Any CPU.ActiveCfg = Debug|Any CPU
		{FA5E3F06-CC96-469B-85E5-70321DE6756E}.Debug|Any CPU.Build.0 = Debug|Any CPU
		{FA5E3F06-CC96-469B-85E5-70321DE6756E}.Release|Any CPU.ActiveCfg = Release|Any CPU
		{FA5E3F06-CC96-469B-85E5-70321DE6756E}.Release|Any CPU.Build.0 = Release|Any CPU
		{4760DBC9-938B-47FC-ACCC-A98277E6BD06}.Debug|Any CPU.ActiveCfg = Debug|Any CPU
		{4760DBC9-938B-47FC-ACCC-A98277E6BD06}.Debug|Any CPU.Build.0 = Debug|Any CPU
		{4760DBC9-938B-47FC-ACCC-A98277E6BD06}.Release|Any CPU.ActiveCfg = Release|Any CPU
		{4760DBC9-938B-47FC-ACCC-A98277E6BD06}.Release|Any CPU.Build.0 = Release|Any CPU
		{4B1511F9-0C69-4C81-883F-1297608809C9}.Debug|Any CPU.ActiveCfg = Debug|Any CPU
		{4B1511F9-0C69-4C81-883F-1297608809C9}.Debug|Any CPU.Build.0 = Debug|Any CPU
		{4B1511F9-0C69-4C81-883F-1297608809C9}.Release|Any CPU.ActiveCfg = Release|Any CPU
		{4B1511F9-0C69-4C81-883F-1297608809C9}.Release|Any CPU.Build.0 = Release|Any CPU
		{B15FBC32-0FA3-4ED3-92BE-0C6E23AADB96}.Debug|Any CPU.ActiveCfg = Debug|Any CPU
		{B15FBC32-0FA3-4ED3-92BE-0C6E23AADB96}.Debug|Any CPU.Build.0 = Debug|Any CPU
		{B15FBC32-0FA3-4ED3-92BE-0C6E23AADB96}.Release|Any CPU.ActiveCfg = Release|Any CPU
		{B15FBC32-0FA3-4ED3-92BE-0C6E23AADB96}.Release|Any CPU.Build.0 = Release|Any CPU
		{0C80C3B8-4C87-402B-82AD-84DEEBADE5BD}.Debug|Any CPU.ActiveCfg = Debug|Any CPU
		{0C80C3B8-4C87-402B-82AD-84DEEBADE5BD}.Debug|Any CPU.Build.0 = Debug|Any CPU
		{0C80C3B8-4C87-402B-82AD-84DEEBADE5BD}.Release|Any CPU.ActiveCfg = Release|Any CPU
		{0C80C3B8-4C87-402B-82AD-84DEEBADE5BD}.Release|Any CPU.Build.0 = Release|Any CPU
		{887F1B0E-9676-42BC-AD8B-1381533DDC43}.Debug|Any CPU.ActiveCfg = Debug|Any CPU
		{887F1B0E-9676-42BC-AD8B-1381533DDC43}.Debug|Any CPU.Build.0 = Debug|Any CPU
		{887F1B0E-9676-42BC-AD8B-1381533DDC43}.Release|Any CPU.ActiveCfg = Release|Any CPU
		{887F1B0E-9676-42BC-AD8B-1381533DDC43}.Release|Any CPU.Build.0 = Release|Any CPU
		{AFE4FA6A-43D5-4D47-AB55-FFAC55E695E7}.Debug|Any CPU.ActiveCfg = Debug|Any CPU
		{AFE4FA6A-43D5-4D47-AB55-FFAC55E695E7}.Debug|Any CPU.Build.0 = Debug|Any CPU
		{AFE4FA6A-43D5-4D47-AB55-FFAC55E695E7}.Release|Any CPU.ActiveCfg = Release|Any CPU
		{AFE4FA6A-43D5-4D47-AB55-FFAC55E695E7}.Release|Any CPU.Build.0 = Release|Any CPU
		{EA0320B2-B3B9-43D1-AD67-AE358F3323BB}.Debug|Any CPU.ActiveCfg = Debug|Any CPU
		{EA0320B2-B3B9-43D1-AD67-AE358F3323BB}.Debug|Any CPU.Build.0 = Debug|Any CPU
		{EA0320B2-B3B9-43D1-AD67-AE358F3323BB}.Release|Any CPU.ActiveCfg = Release|Any CPU
		{EA0320B2-B3B9-43D1-AD67-AE358F3323BB}.Release|Any CPU.Build.0 = Release|Any CPU
		{C9ED71DB-E3FA-4956-9294-70A821F41FC6}.Debug|Any CPU.ActiveCfg = Debug|Any CPU
		{C9ED71DB-E3FA-4956-9294-70A821F41FC6}.Debug|Any CPU.Build.0 = Debug|Any CPU
		{C9ED71DB-E3FA-4956-9294-70A821F41FC6}.Release|Any CPU.ActiveCfg = Release|Any CPU
		{C9ED71DB-E3FA-4956-9294-70A821F41FC6}.Release|Any CPU.Build.0 = Release|Any CPU
	EndGlobalSection
	GlobalSection(SolutionProperties) = preSolution
		HideSolutionNode = FALSE
	EndGlobalSection
	GlobalSection(NestedProjects) = preSolution
		{45F98BA3-0AC2-4F20-B9CD-87AE78CFB44A} = {27C97951-7F68-4998-9CBF-A9FA56A5F5A9}
		{ECC9C2CA-49AC-4ABF-B41F-4F4EF94F1FBC} = {27C97951-7F68-4998-9CBF-A9FA56A5F5A9}
		{DC8B660A-0BC9-4A36-A42B-8CF7FBD4E764} = {27C97951-7F68-4998-9CBF-A9FA56A5F5A9}
		{019383C3-EED0-46AA-A411-88C027A67A8C} = {27C97951-7F68-4998-9CBF-A9FA56A5F5A9}
		{5C410465-AD53-4138-B097-7D33360AE73A} = {27C97951-7F68-4998-9CBF-A9FA56A5F5A9}
		{C77CAF87-C6E3-46D4-B451-8999CC39DFEC} = {27C97951-7F68-4998-9CBF-A9FA56A5F5A9}
		{403A3B96-C463-49D6-9F1D-398F1AA5F809} = {02EA681E-C7D8-13C7-8484-4AC65E1B71E8}
		{5B961FBE-0141-4533-A489-BC52FEAE83DD} = {02EA681E-C7D8-13C7-8484-4AC65E1B71E8}
		{1E49C26E-B432-41B0-AF22-3430DD8CC495} = {45F98BA3-0AC2-4F20-B9CD-87AE78CFB44A}
		{F10976DC-1836-465A-B932-33B27EF89050} = {45F98BA3-0AC2-4F20-B9CD-87AE78CFB44A}
		{021016E4-45A5-4725-BABE-906FEBC7E02F} = {45F98BA3-0AC2-4F20-B9CD-87AE78CFB44A}
		{40179C7D-E259-47D9-8DA8-05CC4B99EBEB} = {019383C3-EED0-46AA-A411-88C027A67A8C}
		{99DF80A2-C0C5-4534-9FB3-215552DB3BC7} = {019383C3-EED0-46AA-A411-88C027A67A8C}
		{410CB3A3-3AB2-49E1-9197-03FB291A32E4} = {019383C3-EED0-46AA-A411-88C027A67A8C}
		{D9B1F71F-6802-4DA0-88DA-3C4EE24632E1} = {ECC9C2CA-49AC-4ABF-B41F-4F4EF94F1FBC}
		{1BC08A83-081C-4818-98BE-AC494A0BBF5B} = {ECC9C2CA-49AC-4ABF-B41F-4F4EF94F1FBC}
		{0BE4A4CA-D6EF-45A2-BC89-840888D61EB4} = {ECC9C2CA-49AC-4ABF-B41F-4F4EF94F1FBC}
		{20CE79AD-AC21-4E17-9A15-F5ECD9E69261} = {5C410465-AD53-4138-B097-7D33360AE73A}
		{961FCA9B-76C7-4D27-A900-24EF877AA9DE} = {5C410465-AD53-4138-B097-7D33360AE73A}
		{AC3EC591-1196-4659-B589-C5A138969C44} = {5C410465-AD53-4138-B097-7D33360AE73A}
		{054FFB70-9F62-4100-AB07-1B654336BE2C} = {DC8B660A-0BC9-4A36-A42B-8CF7FBD4E764}
		{CC1A0833-3252-41AA-A523-DE208815CE2E} = {DC8B660A-0BC9-4A36-A42B-8CF7FBD4E764}
		{FB142F41-BD09-492F-97C3-7CD95E3DACED} = {DC8B660A-0BC9-4A36-A42B-8CF7FBD4E764}
		{259F6A07-C81D-4E6E-9DFC-D073F66C67D8} = {C77CAF87-C6E3-46D4-B451-8999CC39DFEC}
		{1E337E95-3526-47F9-B177-F454BB072026} = {C77CAF87-C6E3-46D4-B451-8999CC39DFEC}
		{484104D7-8E09-446E-9F87-81ED6346D15D} = {C77CAF87-C6E3-46D4-B451-8999CC39DFEC}
		{5F2C3A43-2B32-4CC0-81DC-797FABACED81} = {659F6C29-E0DB-4A84-BF82-D8B90C2DF982}
		{FA5E3F06-CC96-469B-85E5-70321DE6756E} = {659F6C29-E0DB-4A84-BF82-D8B90C2DF982}
		{4760DBC9-938B-47FC-ACCC-A98277E6BD06} = {B3EAEBC5-8F7A-434F-AAD7-20663DA7F81D}
		{4B1511F9-0C69-4C81-883F-1297608809C9} = {B3EAEBC5-8F7A-434F-AAD7-20663DA7F81D}
		{B15FBC32-0FA3-4ED3-92BE-0C6E23AADB96} = {019383C3-EED0-46AA-A411-88C027A67A8C}
		{0C80C3B8-4C87-402B-82AD-84DEEBADE5BD} = {ECC9C2CA-49AC-4ABF-B41F-4F4EF94F1FBC}
		{887F1B0E-9676-42BC-AD8B-1381533DDC43} = {45F98BA3-0AC2-4F20-B9CD-87AE78CFB44A}
		{AFE4FA6A-43D5-4D47-AB55-FFAC55E695E7} = {5C410465-AD53-4138-B097-7D33360AE73A}
		{EA0320B2-B3B9-43D1-AD67-AE358F3323BB} = {DC8B660A-0BC9-4A36-A42B-8CF7FBD4E764}
		{C9ED71DB-E3FA-4956-9294-70A821F41FC6} = {C77CAF87-C6E3-46D4-B451-8999CC39DFEC}
	EndGlobalSection
	GlobalSection(ExtensibilityGlobals) = postSolution
		SolutionGuid = {CBDA86F8-66D9-4A43-95D0-D74C038CF140}
	EndGlobalSection
EndGlobal
